
Microsoft Visual Studio Solution File, Format Version 12.00
# Visual Studio Version 16
VisualStudioVersion = 16.0.31321.278
MinimumVisualStudioVersion = 10.0.40219.1
Project("{FAE04EC0-301F-11D3-BF4B-00C04F79EFBC}") = "Generate Report", "Generate Report\Generate Report.csproj", "{33A30C74-C942-4439-AE78-C60E78F79071}"
EndProject
Global
	GlobalSection(SolutionConfigurationPlatforms) = preSolution
		Debug|Any CPU = Debug|Any CPU
		Release|Any CPU = Release|Any CPU
	EndGlobalSection
	GlobalSection(ProjectConfigurationPlatforms) = postSolution
		{33A30C74-C942-4439-AE78-C60E78F79071}.Debug|Any CPU.ActiveCfg = Debug|Any CPU
		{33A30C74-C942-4439-AE78-C60E78F79071}.Debug|Any CPU.Build.0 = Debug|Any CPU
		{33A30C74-C942-4439-AE78-C60E78F79071}.Release|Any CPU.ActiveCfg = Release|Any CPU
		{33A30C74-C942-4439-AE78-C60E78F79071}.Release|Any CPU.Build.0 = Release|Any CPU
	EndGlobalSection
	GlobalSection(SolutionProperties) = preSolution
		HideSolutionNode = FALSE
	EndGlobalSection
	GlobalSection(ExtensibilityGlobals) = postSolution
		SolutionGuid = {517C7BF9-5644-414E-9866-1044A40DC4E9}
	EndGlobalSection
EndGlobal
