
Microsoft Visual Studio Solution File, Format Version 12.00
# Visual Studio Version 16
VisualStudioVersion = 16.0.31321.278
MinimumVisualStudioVersion = 10.0.40219.1
Project("{FAE04EC0-301F-11D3-BF4B-00C04F79EFBC}") = "SingularityFinal", "SingularityFinal\SingularityFinal.csproj", "{F085123B-87FE-420A-8A35-3013470B6F07}"
EndProject
Global
	GlobalSection(SolutionConfigurationPlatforms) = preSolution
		Debug|Any CPU = Debug|Any CPU
		Release|Any CPU = Release|Any CPU
	EndGlobalSection
	GlobalSection(ProjectConfigurationPlatforms) = postSolution
		{F085123B-87FE-420A-8A35-3013470B6F07}.Debug|Any CPU.ActiveCfg = Debug|Any CPU
		{F085123B-87FE-420A-8A35-3013470B6F07}.Debug|Any CPU.Build.0 = Debug|Any CPU
		{F085123B-87FE-420A-8A35-3013470B6F07}.Release|Any CPU.ActiveCfg = Release|Any CPU
		{F085123B-87FE-420A-8A35-3013470B6F07}.Release|Any CPU.Build.0 = Release|Any CPU
	EndGlobalSection
	GlobalSection(SolutionProperties) = preSolution
		HideSolutionNode = FALSE
	EndGlobalSection
	GlobalSection(ExtensibilityGlobals) = postSolution
		SolutionGuid = {E712B76F-DEF7-4E38-AF65-7FB2C3F08115}
	EndGlobalSection
EndGlobal
